// !$*UTF8*$!
{
	archiveVersion = 1;
	classes = {
	};
	objectVersion = 55;
	objects = {

/* Begin PBXBuildFile section */
		1D5F4D542844B65300243DEF /* SwiftUI_DesignApp.swift in Sources */ = {isa = PBXBuildFile; fileRef = 1D5F4D532844B65300243DEF /* SwiftUI_DesignApp.swift */; };
		1D5F4D562844B65300243DEF /* ContentView.swift in Sources */ = {isa = PBXBuildFile; fileRef = 1D5F4D552844B65300243DEF /* ContentView.swift */; };
		1D5F4D582844B65500243DEF /* Assets.xcassets in Resources */ = {isa = PBXBuildFile; fileRef = 1D5F4D572844B65500243DEF /* Assets.xcassets */; };
		1D5F4D5B2844B65500243DEF /* Preview Assets.xcassets in Resources */ = {isa = PBXBuildFile; fileRef = 1D5F4D5A2844B65500243DEF /* Preview Assets.xcassets */; };
		1D5F4D652844B65500243DEF /* SwiftUI_DesignTests.swift in Sources */ = {isa = PBXBuildFile; fileRef = 1D5F4D642844B65500243DEF /* SwiftUI_DesignTests.swift */; };
		1D5F4D6F2844B65500243DEF /* SwiftUI_DesignUITests.swift in Sources */ = {isa = PBXBuildFile; fileRef = 1D5F4D6E2844B65500243DEF /* SwiftUI_DesignUITests.swift */; };
		1D5F4D712844B65500243DEF /* SwiftUI_DesignUITestsLaunchTests.swift in Sources */ = {isa = PBXBuildFile; fileRef = 1D5F4D702844B65500243DEF /* SwiftUI_DesignUITestsLaunchTests.swift */; };
		1D5F4D7E2844B66F00243DEF /* CardView.swift in Sources */ = {isa = PBXBuildFile; fileRef = 1D5F4D7D2844B66F00243DEF /* CardView.swift */; };
/* End PBXBuildFile section */

/* Begin PBXContainerItemProxy section */
		1D5F4D612844B65500243DEF /* PBXContainerItemProxy */ = {
			isa = PBXContainerItemProxy;
			containerPortal = 1D5F4D482844B65300243DEF /* Project object */;
			proxyType = 1;
			remoteGlobalIDString = 1D5F4D4F2844B65300243DEF;
			remoteInfo = "SwiftUI Design";
		};
		1D5F4D6B2844B65500243DEF /* PBXContainerItemProxy */ = {
			isa = PBXContainerItemProxy;
			containerPortal = 1D5F4D482844B65300243DEF /* Project object */;
			proxyType = 1;
			remoteGlobalIDString = 1D5F4D4F2844B65300243DEF;
			remoteInfo = "SwiftUI Design";
		};
/* End PBXContainerItemProxy section */

/* Begin PBXFileReference section */
		1D5F4D502844B65300243DEF /* SwiftUI Design.app */ = {isa = PBXFileReference; explicitFileType = wrapper.application; includeInIndex = 0; path = "SwiftUI Design.app"; sourceTree = BUILT_PRODUCTS_DIR; };
		1D5F4D532844B65300243DEF /* SwiftUI_DesignApp.swift */ = {isa = PBXFileReference; lastKnownFileType = sourcecode.swift; path = SwiftUI_DesignApp.swift; sourceTree = "<group>"; };
		1D5F4D552844B65300243DEF /* ContentView.swift */ = {isa = PBXFileReference; lastKnownFileType = sourcecode.swift; path = ContentView.swift; sourceTree = "<group>"; };
		1D5F4D572844B65500243DEF /* Assets.xcassets */ = {isa = PBXFileReference; lastKnownFileType = folder.assetcatalog; path = Assets.xcassets; sourceTree = "<group>"; };
		1D5F4D5A2844B65500243DEF /* Preview Assets.xcassets */ = {isa = PBXFileReference; lastKnownFileType = folder.assetcatalog; path = "Preview Assets.xcassets"; sourceTree = "<group>"; };
		1D5F4D602844B65500243DEF /* SwiftUI DesignTests.xctest */ = {isa = PBXFileReference; explicitFileType = wrapper.cfbundle; includeInIndex = 0; path = "SwiftUI DesignTests.xctest"; sourceTree = BUILT_PRODUCTS_DIR; };
		1D5F4D642844B65500243DEF /* SwiftUI_DesignTests.swift */ = {isa = PBXFileReference; lastKnownFileType = sourcecode.swift; path = SwiftUI_DesignTests.swift; sourceTree = "<group>"; };
		1D5F4D6A2844B65500243DEF /* SwiftUI DesignUITests.xctest */ = {isa = PBXFileReference; explicitFileType = wrapper.cfbundle; includeInIndex = 0; path = "SwiftUI DesignUITests.xctest"; sourceTree = BUILT_PRODUCTS_DIR; };
		1D5F4D6E2844B65500243DEF /* SwiftUI_DesignUITests.swift */ = {isa = PBXFileReference; lastKnownFileType = sourcecode.swift; path = SwiftUI_DesignUITests.swift; sourceTree = "<group>"; };
		1D5F4D702844B65500243DEF /* SwiftUI_DesignUITestsLaunchTests.swift */ = {isa = PBXFileReference; lastKnownFileType = sourcecode.swift; path = SwiftUI_DesignUITestsLaunchTests.swift; sourceTree = "<group>"; };
		1D5F4D7D2844B66F00243DEF /* CardView.swift */ = {isa = PBXFileReference; lastKnownFileType = sourcecode.swift; path = CardView.swift; sourceTree = "<group>"; };
/* End PBXFileReference section */

/* Begin PBXFrameworksBuildPhase section */
		1D5F4D4D2844B65300243DEF /* Frameworks */ = {
			isa = PBXFrameworksBuildPhase;
			buildActionMask = 2147483647;
			files = (
			);
			runOnlyForDeploymentPostprocessing = 0;
		};
		1D5F4D5D2844B65500243DEF /* Frameworks */ = {
			isa = PBXFrameworksBuildPhase;
			buildActionMask = 2147483647;
			files = (
			);
			runOnlyForDeploymentPostprocessing = 0;
		};
		1D5F4D672844B65500243DEF /* Frameworks */ = {
			isa = PBXFrameworksBuildPhase;
			buildActionMask = 2147483647;
			files = (
			);
			runOnlyForDeploymentPostprocessing = 0;
		};
/* End PBXFrameworksBuildPhase section */

/* Begin PBXGroup section */
		1D5F4D472844B65300243DEF = {
			isa = PBXGroup;
			children = (
				1D5F4D522844B65300243DEF /* SwiftUI Design */,
				1D5F4D632844B65500243DEF /* SwiftUI DesignTests */,
				1D5F4D6D2844B65500243DEF /* SwiftUI DesignUITests */,
				1D5F4D512844B65300243DEF /* Products */,
			);
			sourceTree = "<group>";
		};
		1D5F4D512844B65300243DEF /* Products */ = {
			isa = PBXGroup;
			children = (
				1D5F4D502844B65300243DEF /* SwiftUI Design.app */,
				1D5F4D602844B65500243DEF /* SwiftUI DesignTests.xctest */,
				1D5F4D6A2844B65500243DEF /* SwiftUI DesignUITests.xctest */,
			);
			name = Products;
			sourceTree = "<group>";
		};
		1D5F4D522844B65300243DEF /* SwiftUI Design */ = {
			isa = PBXGroup;
			children = (
				1D5F4D532844B65300243DEF /* SwiftUI_DesignApp.swift */,
				1D5F4D552844B65300243DEF /* ContentView.swift */,
				1D5F4D7D2844B66F00243DEF /* CardView.swift */,
				1D5F4D572844B65500243DEF /* Assets.xcassets */,
				1D5F4D592844B65500243DEF /* Preview Content */,
			);
			path = "SwiftUI Design";
			sourceTree = "<group>";
		};
		1D5F4D592844B65500243DEF /* Preview Content */ = {
			isa = PBXGroup;
			children = (
				1D5F4D5A2844B65500243DEF /* Preview Assets.xcassets */,
			);
			path = "Preview Content";
			sourceTree = "<group>";
		};
		1D5F4D632844B65500243DEF /* SwiftUI DesignTests */ = {
			isa = PBXGroup;
			children = (
				1D5F4D642844B65500243DEF /* SwiftUI_DesignTests.swift */,
			);
			path = "SwiftUI DesignTests";
			sourceTree = "<group>";
		};
		1D5F4D6D2844B65500243DEF /* SwiftUI DesignUITests */ = {
			isa = PBXGroup;
			children = (
				1D5F4D6E2844B65500243DEF /* SwiftUI_DesignUITests.swift */,
				1D5F4D702844B65500243DEF /* SwiftUI_DesignUITestsLaunchTests.swift */,
			);
			path = "SwiftUI DesignUITests";
			sourceTree = "<group>";
		};
/* End PBXGroup section */

/* Begin PBXNativeTarget section */
		1D5F4D4F2844B65300243DEF /* SwiftUI Design */ = {
			isa = PBXNativeTarget;
			buildConfigurationList = 1D5F4D742844B65500243DEF /* Build configuration list for PBXNativeTarget "SwiftUI Design" */;
			buildPhases = (
				1D5F4D4C2844B65300243DEF /* Sources */,
				1D5F4D4D2844B65300243DEF /* Frameworks */,
				1D5F4D4E2844B65300243DEF /* Resources */,
			);
			buildRules = (
			);
			dependencies = (
			);
			name = "SwiftUI Design";
			productName = "SwiftUI Design";
			productReference = 1D5F4D502844B65300243DEF /* SwiftUI Design.app */;
			productType = "com.apple.product-type.application";
		};
		1D5F4D5F2844B65500243DEF /* SwiftUI DesignTests */ = {
			isa = PBXNativeTarget;
			buildConfigurationList = 1D5F4D772844B65500243DEF /* Build configuration list for PBXNativeTarget "SwiftUI DesignTests" */;
			buildPhases = (
				1D5F4D5C2844B65500243DEF /* Sources */,
				1D5F4D5D2844B65500243DEF /* Frameworks */,
				1D5F4D5E2844B65500243DEF /* Resources */,
			);
			buildRules = (
			);
			dependencies = (
				1D5F4D622844B65500243DEF /* PBXTargetDependency */,
			);
			name = "SwiftUI DesignTests";
			productName = "SwiftUI DesignTests";
			productReference = 1D5F4D602844B65500243DEF /* SwiftUI DesignTests.xctest */;
			productType = "com.apple.product-type.bundle.unit-test";
		};
		1D5F4D692844B65500243DEF /* SwiftUI DesignUITests */ = {
			isa = PBXNativeTarget;
			buildConfigurationList = 1D5F4D7A2844B65500243DEF /* Build configuration list for PBXNativeTarget "SwiftUI DesignUITests" */;
			buildPhases = (
				1D5F4D662844B65500243DEF /* Sources */,
				1D5F4D672844B65500243DEF /* Frameworks */,
				1D5F4D682844B65500243DEF /* Resources */,
			);
			buildRules = (
			);
			dependencies = (
				1D5F4D6C2844B65500243DEF /* PBXTargetDependency */,
			);
			name = "SwiftUI DesignUITests";
			productName = "SwiftUI DesignUITests";
			productReference = 1D5F4D6A2844B65500243DEF /* SwiftUI DesignUITests.xctest */;
			productType = "com.apple.product-type.bundle.ui-testing";
		};
/* End PBXNativeTarget section */

/* Begin PBXProject section */
		1D5F4D482844B65300243DEF /* Project object */ = {
			isa = PBXProject;
			attributes = {
				BuildIndependentTargetsInParallel = 1;
				LastSwiftUpdateCheck = 1320;
				LastUpgradeCheck = 1320;
				TargetAttributes = {
					1D5F4D4F2844B65300243DEF = {
						CreatedOnToolsVersion = 13.2.1;
					};
					1D5F4D5F2844B65500243DEF = {
						CreatedOnToolsVersion = 13.2.1;
						TestTargetID = 1D5F4D4F2844B65300243DEF;
					};
					1D5F4D692844B65500243DEF = {
						CreatedOnToolsVersion = 13.2.1;
						TestTargetID = 1D5F4D4F2844B65300243DEF;
					};
				};
			};
			buildConfigurationList = 1D5F4D4B2844B65300243DEF /* Build configuration list for PBXProject "SwiftUI Design" */;
			compatibilityVersion = "Xcode 13.0";
			developmentRegion = en;
			hasScannedForEncodings = 0;
			knownRegions = (
				en,
				Base,
			);
			mainGroup = 1D5F4D472844B65300243DEF;
			productRefGroup = 1D5F4D512844B65300243DEF /* Products */;
			projectDirPath = "";
			projectRoot = "";
			targets = (
				1D5F4D4F2844B65300243DEF /* SwiftUI Design */,
				1D5F4D5F2844B65500243DEF /* SwiftUI DesignTests */,
				1D5F4D692844B65500243DEF /* SwiftUI DesignUITests */,
			);
		};
/* End PBXProject section */

/* Begin PBXResourcesBuildPhase section */
		1D5F4D4E2844B65300243DEF /* Resources */ = {
			isa = PBXResourcesBuildPhase;
			buildActionMask = 2147483647;
			files = (
				1D5F4D5B2844B65500243DEF /* Preview Assets.xcassets in Resources */,
				1D5F4D582844B65500243DEF /* Assets.xcassets in Resources */,
			);
			runOnlyForDeploymentPostprocessing = 0;
		};
		1D5F4D5E2844B65500243DEF /* Resources */ = {
			isa = PBXResourcesBuildPhase;
			buildActionMask = 2147483647;
			files = (
			);
			runOnlyForDeploymentPostprocessing = 0;
		};
		1D5F4D682844B65500243DEF /* Resources */ = {
			isa = PBXResourcesBuildPhase;
			buildActionMask = 2147483647;
			files = (
			);
			runOnlyForDeploymentPostprocessing = 0;
		};
/* End PBXResourcesBuildPhase section */

/* Begin PBXSourcesBuildPhase section */
		1D5F4D4C2844B65300243DEF /* Sources */ = {
			isa = PBXSourcesBuildPhase;
			buildActionMask = 2147483647;
			files = (
				1D5F4D562844B65300243DEF /* ContentView.swift in Sources */,
				1D5F4D7E2844B66F00243DEF /* CardView.swift in Sources */,
				1D5F4D542844B65300243DEF /* SwiftUI_DesignApp.swift in Sources */,
			);
			runOnlyForDeploymentPostprocessing = 0;
		};
		1D5F4D5C2844B65500243DEF /* Sources */ = {
			isa = PBXSourcesBuildPhase;
			buildActionMask = 2147483647;
			files = (
				1D5F4D652844B65500243DEF /* SwiftUI_DesignTests.swift in Sources */,
			);
			runOnlyForDeploymentPostprocessing = 0;
		};
		1D5F4D662844B65500243DEF /* Sources */ = {
			isa = PBXSourcesBuildPhase;
			buildActionMask = 2147483647;
			files = (
				1D5F4D712844B65500243DEF /* SwiftUI_DesignUITestsLaunchTests.swift in Sources */,
				1D5F4D6F2844B65500243DEF /* SwiftUI_DesignUITests.swift in Sources */,
			);
			runOnlyForDeploymentPostprocessing = 0;
		};
/* End PBXSourcesBuildPhase section */

/* Begin PBXTargetDependency section */
		1D5F4D622844B65500243DEF /* PBXTargetDependency */ = {
			isa = PBXTargetDependency;
			target = 1D5F4D4F2844B65300243DEF /* SwiftUI Design */;
			targetProxy = 1D5F4D612844B65500243DEF /* PBXContainerItemProxy */;
		};
		1D5F4D6C2844B65500243DEF /* PBXTargetDependency */ = {
			isa = PBXTargetDependency;
			target = 1D5F4D4F2844B65300243DEF /* SwiftUI Design */;
			targetProxy = 1D5F4D6B2844B65500243DEF /* PBXContainerItemProxy */;
		};
/* End PBXTargetDependency section */

/* Begin XCBuildConfiguration section */
		1D5F4D722844B65500243DEF /* Debug */ = {
			isa = XCBuildConfiguration;
			buildSettings = {
				ALWAYS_SEARCH_USER_PATHS = NO;
				CLANG_ANALYZER_NONNULL = YES;
				CLANG_ANALYZER_NUMBER_OBJECT_CONVERSION = YES_AGGRESSIVE;
				CLANG_CXX_LANGUAGE_STANDARD = "gnu++17";
				CLANG_CXX_LIBRARY = "libc++";
				CLANG_ENABLE_MODULES = YES;
				CLANG_ENABLE_OBJC_ARC = YES;
				CLANG_ENABLE_OBJC_WEAK = YES;
				CLANG_WARN_BLOCK_CAPTURE_AUTORELEASING = YES;
				CLANG_WARN_BOOL_CONVERSION = YES;
				CLANG_WARN_COMMA = YES;
				CLANG_WARN_CONSTANT_CONVERSION = YES;
				CLANG_WARN_DEPRECATED_OBJC_IMPLEMENTATIONS = YES;
				CLANG_WARN_DIRECT_OBJC_ISA_USAGE = YES_ERROR;
				CLANG_WARN_DOCUMENTATION_COMMENTS = YES;
				CLANG_WARN_EMPTY_BODY = YES;
				CLANG_WARN_ENUM_CONVERSION = YES;
				CLANG_WARN_INFINITE_RECURSION = YES;
				CLANG_WARN_INT_CONVERSION = YES;
				CLANG_WARN_NON_LITERAL_NULL_CONVERSION = YES;
				CLANG_WARN_OBJC_IMPLICIT_RETAIN_SELF = YES;
				CLANG_WARN_OBJC_LITERAL_CONVERSION = YES;
				CLANG_WARN_OBJC_ROOT_CLASS = YES_ERROR;
				CLANG_WARN_QUOTED_INCLUDE_IN_FRAMEWORK_HEADER = YES;
				CLANG_WARN_RANGE_LOOP_ANALYSIS = YES;
				CLANG_WARN_STRICT_PROTOTYPES = YES;
				CLANG_WARN_SUSPICIOUS_MOVE = YES;
				CLANG_WARN_UNGUARDED_AVAILABILITY = YES_AGGRESSIVE;
				CLANG_WARN_UNREACHABLE_CODE = YES;
				CLANG_WARN__DUPLICATE_METHOD_MATCH = YES;
				COPY_PHASE_STRIP = NO;
				DEBUG_INFORMATION_FORMAT = dwarf;
				ENABLE_STRICT_OBJC_MSGSEND = YES;
				ENABLE_TESTABILITY = YES;
				GCC_C_LANGUAGE_STANDARD = gnu11;
				GCC_DYNAMIC_NO_PIC = NO;
				GCC_NO_COMMON_BLOCKS = YES;
				GCC_OPTIMIZATION_LEVEL = 0;
				GCC_PREPROCESSOR_DEFINITIONS = (
					"DEBUG=1",
					"$(inherited)",
				);
				GCC_WARN_64_TO_32_BIT_CONVERSION = YES;
				GCC_WARN_ABOUT_RETURN_TYPE = YES_ERROR;
				GCC_WARN_UNDECLARED_SELECTOR = YES;
				GCC_WARN_UNINITIALIZED_AUTOS = YES_AGGRESSIVE;
				GCC_WARN_UNUSED_FUNCTION = YES;
				GCC_WARN_UNUSED_VARIABLE = YES;
				IPHONEOS_DEPLOYMENT_TARGET = 15.2;
				MTL_ENABLE_DEBUG_INFO = INCLUDE_SOURCE;
				MTL_FAST_MATH = YES;
				ONLY_ACTIVE_ARCH = YES;
				SDKROOT = iphoneos;
				SWIFT_ACTIVE_COMPILATION_CONDITIONS = DEBUG;
				SWIFT_OPTIMIZATION_LEVEL = "-Onone";
			};
			name = Debug;
		};
		1D5F4D732844B65500243DEF /* Release */ = {
			isa = XCBuildConfiguration;
			buildSettings = {
				ALWAYS_SEARCH_USER_PATHS = NO;
				CLANG_ANALYZER_NONNULL = YES;
				CLANG_ANALYZER_NUMBER_OBJECT_CONVERSION = YES_AGGRESSIVE;
				CLANG_CXX_LANGUAGE_STANDARD = "gnu++17";
				CLANG_CXX_LIBRARY = "libc++";
				CLANG_ENABLE_MODULES = YES;
				CLANG_ENABLE_OBJC_ARC = YES;
				CLANG_ENABLE_OBJC_WEAK = YES;
				CLANG_WARN_BLOCK_CAPTURE_AUTORELEASING = YES;
				CLANG_WARN_BOOL_CONVERSION = YES;
				CLANG_WARN_COMMA = YES;
				CLANG_WARN_CONSTANT_CONVERSION = YES;
				CLANG_WARN_DEPRECATED_OBJC_IMPLEMENTATIONS = YES;
				CLANG_WARN_DIRECT_OBJC_ISA_USAGE = YES_ERROR;
				CLANG_WARN_DOCUMENTATION_COMMENTS = YES;
				CLANG_WARN_EMPTY_BODY = YES;
				CLANG_WARN_ENUM_CONVERSION = YES;
				CLANG_WARN_INFINITE_RECURSION = YES;
				CLANG_WARN_INT_CONVERSION = YES;
				CLANG_WARN_NON_LITERAL_NULL_CONVERSION = YES;
				CLANG_WARN_OBJC_IMPLICIT_RETAIN_SELF = YES;
				CLANG_WARN_OBJC_LITERAL_CONVERSION = YES;
				CLANG_WARN_OBJC_ROOT_CLASS = YES_ERROR;
				CLANG_WARN_QUOTED_INCLUDE_IN_FRAMEWORK_HEADER = YES;
				CLANG_WARN_RANGE_LOOP_ANALYSIS = YES;
				CLANG_WARN_STRICT_PROTOTYPES = YES;
				CLANG_WARN_SUSPICIOUS_MOVE = YES;
				CLANG_WARN_UNGUARDED_AVAILABILITY = YES_AGGRESSIVE;
				CLANG_WARN_UNREACHABLE_CODE = YES;
				CLANG_WARN__DUPLICATE_METHOD_MATCH = YES;
				COPY_PHASE_STRIP = NO;
				DEBUG_INFORMATION_FORMAT = "dwarf-with-dsym";
				ENABLE_NS_ASSERTIONS = NO;
				ENABLE_STRICT_OBJC_MSGSEND = YES;
				GCC_C_LANGUAGE_STANDARD = gnu11;
				GCC_NO_COMMON_BLOCKS = YES;
				GCC_WARN_64_TO_32_BIT_CONVERSION = YES;
				GCC_WARN_ABOUT_RETURN_TYPE = YES_ERROR;
				GCC_WARN_UNDECLARED_SELECTOR = YES;
				GCC_WARN_UNINITIALIZED_AUTOS = YES_AGGRESSIVE;
				GCC_WARN_UNUSED_FUNCTION = YES;
				GCC_WARN_UNUSED_VARIABLE = YES;
				IPHONEOS_DEPLOYMENT_TARGET = 15.2;
				MTL_ENABLE_DEBUG_INFO = NO;
				MTL_FAST_MATH = YES;
				SDKROOT = iphoneos;
				SWIFT_COMPILATION_MODE = wholemodule;
				SWIFT_OPTIMIZATION_LEVEL = "-O";
				VALIDATE_PRODUCT = YES;
			};
			name = Release;
		};
		1D5F4D752844B65500243DEF /* Debug */ = {
			isa = XCBuildConfiguration;
			buildSettings = {
				ASSETCATALOG_COMPILER_APPICON_NAME = AppIcon;
				ASSETCATALOG_COMPILER_GLOBAL_ACCENT_COLOR_NAME = AccentColor;
				CODE_SIGN_STYLE = Automatic;
				CURRENT_PROJECT_VERSION = 1;
				DEVELOPMENT_ASSET_PATHS = "\"SwiftUI Design/Preview Content\"";
				DEVELOPMENT_TEAM = C4MBQWDNR6;
				ENABLE_PREVIEWS = YES;
				GENERATE_INFOPLIST_FILE = YES;
				INFOPLIST_KEY_UIApplicationSceneManifest_Generation = YES;
				INFOPLIST_KEY_UIApplicationSupportsIndirectInputEvents = YES;
				INFOPLIST_KEY_UILaunchScreen_Generation = YES;
				INFOPLIST_KEY_UISupportedInterfaceOrientations_iPad = "UIInterfaceOrientationPortrait UIInterfaceOrientationPortraitUpsideDown UIInterfaceOrientationLandscapeLeft UIInterfaceOrientationLandscapeRight";
				INFOPLIST_KEY_UISupportedInterfaceOrientations_iPhone = "UIInterfaceOrientationPortrait UIInterfaceOrientationLandscapeLeft UIInterfaceOrientationLandscapeRight";
				LD_RUNPATH_SEARCH_PATHS = (
					"$(inherited)",
					"@executable_path/Frameworks",
				);
				MARKETING_VERSION = 1.0;
				PRODUCT_BUNDLE_IDENTIFIER = "com.FbEvent.SwiftUI-Design";
				PRODUCT_NAME = "$(TARGET_NAME)";
				SWIFT_EMIT_LOC_STRINGS = YES;
				SWIFT_VERSION = 5.0;
				TARGETED_DEVICE_FAMILY = "1,2";
			};
			name = Debug;
		};
		1D5F4D762844B65500243DEF /* Release */ = {
			isa = XCBuildConfiguration;
			buildSettings = {
				ASSETCATALOG_COMPILER_APPICON_NAME = AppIcon;
				ASSETCATALOG_COMPILER_GLOBAL_ACCENT_COLOR_NAME = AccentColor;
				CODE_SIGN_STYLE = Automatic;
				CURRENT_PROJECT_VERSION = 1;
				DEVELOPMENT_ASSET_PATHS = "\"SwiftUI Design/Preview Content\"";
				DEVELOPMENT_TEAM = C4MBQWDNR6;
				ENABLE_PREVIEWS = YES;
				GENERATE_INFOPLIST_FILE = YES;
				INFOPLIST_KEY_UIApplicationSceneManifest_Generation = YES;
				INFOPLIST_KEY_UIApplicationSupportsIndirectInputEvents = YES;
				INFOPLIST_KEY_UILaunchScreen_Generation = YES;
				INFOPLIST_KEY_UISupportedInterfaceOrientations_iPad = "UIInterfaceOrientationPortrait UIInterfaceOrientationPortraitUpsideDown UIInterfaceOrientationLandscapeLeft UIInterfaceOrientationLandscapeRight";
				INFOPLIST_KEY_UISupportedInterfaceOrientations_iPhone = "UIInterfaceOrientationPortrait UIInterfaceOrientationLandscapeLeft UIInterfaceOrientationLandscapeRight";
				LD_RUNPATH_SEARCH_PATHS = (
					"$(inherited)",
					"@executable_path/Frameworks",
				);
				MARKETING_VERSION = 1.0;
				PRODUCT_BUNDLE_IDENTIFIER = "com.FbEvent.SwiftUI-Design";
				PRODUCT_NAME = "$(TARGET_NAME)";
				SWIFT_EMIT_LOC_STRINGS = YES;
				SWIFT_VERSION = 5.0;
				TARGETED_DEVICE_FAMILY = "1,2";
			};
			name = Release;
		};
		1D5F4D782844B65500243DEF /* Debug */ = {
			isa = XCBuildConfiguration;
			buildSettings = {
				ALWAYS_EMBED_SWIFT_STANDARD_LIBRARIES = YES;
				BUNDLE_LOADER = "$(TEST_HOST)";
				CODE_SIGN_STYLE = Automatic;
				CURRENT_PROJECT_VERSION = 1;
				DEVELOPMENT_TEAM = C4MBQWDNR6;
				GENERATE_INFOPLIST_FILE = YES;
				IPHONEOS_DEPLOYMENT_TARGET = 15.2;
				MARKETING_VERSION = 1.0;
				PRODUCT_BUNDLE_IDENTIFIER = "com.FbEvent.SwiftUI-DesignTests";
				PRODUCT_NAME = "$(TARGET_NAME)";
				SWIFT_EMIT_LOC_STRINGS = NO;
				SWIFT_VERSION = 5.0;
				TARGETED_DEVICE_FAMILY = "1,2";
				TEST_HOST = "$(BUILT_PRODUCTS_DIR)/SwiftUI Design.app/SwiftUI Design";
			};
			name = Debug;
		};
		1D5F4D792844B65500243DEF /* Release */ = {
			isa = XCBuildConfiguration;
			buildSettings = {
				ALWAYS_EMBED_SWIFT_STANDARD_LIBRARIES = YES;
				BUNDLE_LOADER = "$(TEST_HOST)";
				CODE_SIGN_STYLE = Automatic;
				CURRENT_PROJECT_VERSION = 1;
				DEVELOPMENT_TEAM = C4MBQWDNR6;
				GENERATE_INFOPLIST_FILE = YES;
				IPHONEOS_DEPLOYMENT_TARGET = 15.2;
				MARKETING_VERSION = 1.0;
				PRODUCT_BUNDLE_IDENTIFIER = "com.FbEvent.SwiftUI-DesignTests";
				PRODUCT_NAME = "$(TARGET_NAME)";
				SWIFT_EMIT_LOC_STRINGS = NO;
				SWIFT_VERSION = 5.0;
				TARGETED_DEVICE_FAMILY = "1,2";
				TEST_HOST = "$(BUILT_PRODUCTS_DIR)/SwiftUI Design.app/SwiftUI Design";
			};
			name = Release;
		};
		1D5F4D7B2844B65500243DEF /* Debug */ = {
			isa = XCBuildConfiguration;
			buildSettings = {
				ALWAYS_EMBED_SWIFT_STANDARD_LIBRARIES = YES;
				CODE_SIGN_STYLE = Automatic;
				CURRENT_PROJECT_VERSION = 1;
				DEVELOPMENT_TEAM = C4MBQWDNR6;
				GENERATE_INFOPLIST_FILE = YES;
				MARKETING_VERSION = 1.0;
				PRODUCT_BUNDLE_IDENTIFIER = "com.FbEvent.SwiftUI-DesignUITests";
				PRODUCT_NAME = "$(TARGET_NAME)";
				SWIFT_EMIT_LOC_STRINGS = NO;
				SWIFT_VERSION = 5.0;
				TARGETED_DEVICE_FAMILY = "1,2";
				TEST_TARGET_NAME = "SwiftUI Design";
			};
			name = Debug;
		};
		1D5F4D7C2844B65500243DEF /* Release */ = {
			isa = XCBuildConfiguration;
			buildSettings = {
				ALWAYS_EMBED_SWIFT_STANDARD_LIBRARIES = YES;
				CODE_SIGN_STYLE = Automatic;
				CURRENT_PROJECT_VERSION = 1;
				DEVELOPMENT_TEAM = C4MBQWDNR6;
				GENERATE_INFOPLIST_FILE = YES;
				MARKETING_VERSION = 1.0;
				PRODUCT_BUNDLE_IDENTIFIER = "com.FbEvent.SwiftUI-DesignUITests";
				PRODUCT_NAME = "$(TARGET_NAME)";
				SWIFT_EMIT_LOC_STRINGS = NO;
				SWIFT_VERSION = 5.0;
				TARGETED_DEVICE_FAMILY = "1,2";
				TEST_TARGET_NAME = "SwiftUI Design";
			};
			name = Release;
		};
/* End XCBuildConfiguration section */

/* Begin XCConfigurationList section */
		1D5F4D4B2844B65300243DEF /* Build configuration list for PBXProject "SwiftUI Design" */ = {
			isa = XCConfigurationList;
			buildConfigurations = (
				1D5F4D722844B65500243DEF /* Debug */,
				1D5F4D732844B65500243DEF /* Release */,
			);
			defaultConfigurationIsVisible = 0;
			defaultConfigurationName = Release;
		};
		1D5F4D742844B65500243DEF /* Build configuration list for PBXNativeTarget "SwiftUI Design" */ = {
			isa = XCConfigurationList;
			buildConfigurations = (
				1D5F4D752844B65500243DEF /* Debug */,
				1D5F4D762844B65500243DEF /* Release */,
			);
			defaultConfigurationIsVisible = 0;
			defaultConfigurationName = Release;
		};
		1D5F4D772844B65500243DEF /* Build configuration list for PBXNativeTarget "SwiftUI DesignTests" */ = {
			isa = XCConfigurationList;
			buildConfigurations = (
				1D5F4D782844B65500243DEF /* Debug */,
				1D5F4D792844B65500243DEF /* Release */,
			);
			defaultConfigurationIsVisible = 0;
			defaultConfigurationName = Release;
		};
		1D5F4D7A2844B65500243DEF /* Build configuration list for PBXNativeTarget "SwiftUI DesignUITests" */ = {
			isa = XCConfigurationList;
			buildConfigurations = (
				1D5F4D7B2844B65500243DEF /* Debug */,
				1D5F4D7C2844B65500243DEF /* Release */,
			);
			defaultConfigurationIsVisible = 0;
			defaultConfigurationName = Release;
		};
/* End XCConfigurationList section */
	};
	rootObject = 1D5F4D482844B65300243DEF /* Project object */;
}
